Microsoft Visual Studio Solution File, Format Version 12.00
# Visual Studio Version 17
VisualStudioVersion = 17.10.35201.131
MinimumVisualStudioVersion = 16.0.0.0
Project("{9A19103F-16F7-4668-BE54-9A1E7A4F7556}") = "MultiAgentsDatabaseCoPilot", "MultiAgentsDatabaseCoPilot\MultiAgentsDatabaseCoPilot.csproj", "{228D1B0F-82FC-4D73-AD1A-DC344F59185F}"
EndProject
Global
	GlobalSection(SolutionConfigurationPlatforms) = preSolution
		Debug|Any CPU = Debug|Any CPU
		Release|Any CPU = Release|Any CPU
	EndGlobalSection
	GlobalSection(ProjectConfigurationPlatforms) = postSolution
		{228D1B0F-82FC-4D73-AD1A-DC344F59185F}.Debug|Any CPU.ActiveCfg = Debug|Any CPU
		{228D1B0F-82FC-4D73-AD1A-DC344F59185F}.Debug|Any CPU.Build.0 = Debug|Any CPU
		{228D1B0F-82FC-4D73-AD1A-DC344F59185F}.Release|Any CPU.ActiveCfg = Release|Any CPU
		{228D1B0F-82FC-4D73-AD1A-DC344F59185F}.Release|Any CPU.Build.0 = Release|Any CPU
	EndGlobalSection
	GlobalSection(SolutionProperties) = preSolution
		HideSolutionNode = FALSE
	EndGlobalSection
	GlobalSection(ExtensibilityGlobals) = postSolution
		SolutionGuid = {B20C71BF-B6A6-4543-A860-EDE854E91845}
	EndGlobalSection
EndGlobal
